// !$*UTF8*$!
{
	archiveVersion = 1;
	classes = {
	};
	objectVersion = 48;
	objects = {

/* Begin PBXBuildFile section */
		A55285962020B6430038BBE5 /* AppDelegate.m in Sources */ = {isa = PBXBuildFile; fileRef = A55285952020B6430038BBE5 /* AppDelegate.m */; };
		A552859C2020B6430038BBE5 /* Main.storyboard in Resources */ = {isa = PBXBuildFile; fileRef = A552859A2020B6430038BBE5 /* Main.storyboard */; };
		A552859E2020B6430038BBE5 /* Assets.xcassets in Resources */ = {isa = PBXBuildFile; fileRef = A552859D2020B6430038BBE5 /* Assets.xcassets */; };
		A55285A12020B6430038BBE5 /* LaunchScreen.storyboard in Resources */ = {isa = PBXBuildFile; fileRef = A552859F2020B6430038BBE5 /* LaunchScreen.storyboard */; };
		A55285A42020B6430038BBE5 /* main.m in Sources */ = {isa = PBXBuildFile; fileRef = A55285A32020B6430038BBE5 /* main.m */; };
		A55285AC2020B82A0038BBE5 /* TodoTableViewController.m in Sources */ = {isa = PBXBuildFile; fileRef = A55285AB2020B82A0038BBE5 /* TodoTableViewController.m */; };
		A55285AF2020BDA00038BBE5 /* Todo.m in Sources */ = {isa = PBXBuildFile; fileRef = A55285AE2020BDA00038BBE5 /* Todo.m */; };
		A55285B22020C3D80038BBE5 /* TodoList.m in Sources */ = {isa = PBXBuildFile; fileRef = A55285B12020C3D80038BBE5 /* TodoList.m */; };
		A55285B82020DB9B0038BBE5 /* AddTaskViewController.m in Sources */ = {isa = PBXBuildFile; fileRef = A55285B72020DB9B0038BBE5 /* AddTaskViewController.m */; };
/* End PBXBuildFile section */

/* Begin PBXFileReference section */
		A55285912020B6430038BBE5 /* TodoList.app */ = {isa = PBXFileReference; explicitFileType = wrapper.application; includeInIndex = 0; path = TodoList.app; sourceTree = BUILT_PRODUCTS_DIR; };
		A55285942020B6430038BBE5 /* AppDelegate.h */ = {isa = PBXFileReference; lastKnownFileType = sourcecode.c.h; path = AppDelegate.h; sourceTree = "<group>"; };
		A55285952020B6430038BBE5 /* AppDelegate.m */ = {isa = PBXFileReference; lastKnownFileType = sourcecode.c.objc; path = AppDelegate.m; sourceTree = "<group>"; };
		A552859B2020B6430038BBE5 /* Base */ = {isa = PBXFileReference; lastKnownFileType = file.storyboard; name = Base; path = Base.lproj/Main.storyboard; sourceTree = "<group>"; };
		A552859D2020B6430038BBE5 /* Assets.xcassets */ = {isa = PBXFileReference; lastKnownFileType = folder.assetcatalog; path = Assets.xcassets; sourceTree = "<group>"; };
		A55285A02020B6430038BBE5 /* Base */ = {isa = PBXFileReference; lastKnownFileType = file.storyboard; name = Base; path = Base.lproj/LaunchScreen.storyboard; sourceTree = "<group>"; };
		A55285A22020B6430038BBE5 /* Info.plist */ = {isa = PBXFileReference; lastKnownFileType = text.plist.xml; path = Info.plist; sourceTree = "<group>"; };
		A55285A32020B6430038BBE5 /* main.m */ = {isa = PBXFileReference; lastKnownFileType = sourcecode.c.objc; path = main.m; sourceTree = "<group>"; };
		A55285AA2020B82A0038BBE5 /* TodoTableViewController.h */ = {isa = PBXFileReference; lastKnownFileType = sourcecode.c.h; path = TodoTableViewController.h; sourceTree = "<group>"; };
		A55285AB2020B82A0038BBE5 /* TodoTableViewController.m */ = {isa = PBXFileReference; lastKnownFileType = sourcecode.c.objc; path = TodoTableViewController.m; sourceTree = "<group>"; };
		A55285AD2020BDA00038BBE5 /* Todo.h */ = {isa = PBXFileReference; lastKnownFileType = sourcecode.c.h; path = Todo.h; sourceTree = "<group>"; };
		A55285AE2020BDA00038BBE5 /* Todo.m */ = {isa = PBXFileReference; lastKnownFileType = sourcecode.c.objc; path = Todo.m; sourceTree = "<group>"; };
		A55285B02020C3D80038BBE5 /* TodoList.h */ = {isa = PBXFileReference; lastKnownFileType = sourcecode.c.h; path = TodoList.h; sourceTree = "<group>"; };
		A55285B12020C3D80038BBE5 /* TodoList.m */ = {isa = PBXFileReference; lastKnownFileType = sourcecode.c.objc; path = TodoList.m; sourceTree = "<group>"; };
		A55285B62020DB9B0038BBE5 /* AddTaskViewController.h */ = {isa = PBXFileReference; lastKnownFileType = sourcecode.c.h; path = AddTaskViewController.h; sourceTree = "<group>"; };
		A55285B72020DB9B0038BBE5 /* AddTaskViewController.m */ = {isa = PBXFileReference; lastKnownFileType = sourcecode.c.objc; path = AddTaskViewController.m; sourceTree = "<group>"; };
/* End PBXFileReference section */

/* Begin PBXFrameworksBuildPhase section */
		A552858E2020B6430038BBE5 /* Frameworks */ = {
			isa = PBXFrameworksBuildPhase;
			buildActionMask = 2147483647;
			files = (
			);
			runOnlyForDeploymentPostprocessing = 0;
		};
/* End PBXFrameworksBuildPhase section */

/* Begin PBXGroup section */
		A55285882020B6430038BBE5 = {
			isa = PBXGroup;
			children = (
				A55285932020B6430038BBE5 /* TodoList */,
				A55285922020B6430038BBE5 /* Products */,
			);
			sourceTree = "<group>";
		};
		A55285922020B6430038BBE5 /* Products */ = {
			isa = PBXGroup;
			children = (
				A55285912020B6430038BBE5 /* TodoList.app */,
			);
			name = Products;
			sourceTree = "<group>";
		};
		A55285932020B6430038BBE5 /* TodoList */ = {
			isa = PBXGroup;
			children = (
				A55285AA2020B82A0038BBE5 /* TodoTableViewController.h */,
				A55285AB2020B82A0038BBE5 /* TodoTableViewController.m */,
				A55285942020B6430038BBE5 /* AppDelegate.h */,
				A55285952020B6430038BBE5 /* AppDelegate.m */,
				A552859A2020B6430038BBE5 /* Main.storyboard */,
				A55285B62020DB9B0038BBE5 /* AddTaskViewController.h */,
				A55285B72020DB9B0038BBE5 /* AddTaskViewController.m */,
				A552859D2020B6430038BBE5 /* Assets.xcassets */,
				A552859F2020B6430038BBE5 /* LaunchScreen.storyboard */,
				A55285A22020B6430038BBE5 /* Info.plist */,
				A55285A32020B6430038BBE5 /* main.m */,
				A55285AD2020BDA00038BBE5 /* Todo.h */,
				A55285AE2020BDA00038BBE5 /* Todo.m */,
				A55285B02020C3D80038BBE5 /* TodoList.h */,
				A55285B12020C3D80038BBE5 /* TodoList.m */,
			);
			path = TodoList;
			sourceTree = "<group>";
		};
/* End PBXGroup section */

/* Begin PBXNativeTarget section */
		A55285902020B6430038BBE5 /* TodoList */ = {
			isa = PBXNativeTarget;
			buildConfigurationList = A55285A72020B6430038BBE5 /* Build configuration list for PBXNativeTarget "TodoList" */;
			buildPhases = (
				A552858D2020B6430038BBE5 /* Sources */,
				A552858E2020B6430038BBE5 /* Frameworks */,
				A552858F2020B6430038BBE5 /* Resources */,
			);
			buildRules = (
			);
			dependencies = (
			);
			name = TodoList;
			productName = TodoList;
			productReference = A55285912020B6430038BBE5 /* TodoList.app */;
			productType = "com.apple.product-type.application";
		};
/* End PBXNativeTarget section */

/* Begin PBXProject section */
		A55285892020B6430038BBE5 /* Project object */ = {
			isa = PBXProject;
			attributes = {
				LastUpgradeCheck = 0920;
				ORGANIZATIONNAME = "Milja Virtanen";
				TargetAttributes = {
					A55285902020B6430038BBE5 = {
						CreatedOnToolsVersion = 9.2;
						ProvisioningStyle = Automatic;
					};
				};
			};
			buildConfigurationList = A552858C2020B6430038BBE5 /* Build configuration list for PBXProject "TodoList" */;
			compatibilityVersion = "Xcode 8.0";
			developmentRegion = en;
			hasScannedForEncodings = 0;
			knownRegions = (
				en,
				Base,
			);
			mainGroup = A55285882020B6430038BBE5;
			productRefGroup = A55285922020B6430038BBE5 /* Products */;
			projectDirPath = "";
			projectRoot = "";
			targets = (
				A55285902020B6430038BBE5 /* TodoList */,
			);
		};
/* End PBXProject section */

/* Begin PBXResourcesBuildPhase section */
		A552858F2020B6430038BBE5 /* Resources */ = {
			isa = PBXResourcesBuildPhase;
			buildActionMask = 2147483647;
			files = (
				A55285A12020B6430038BBE5 /* LaunchScreen.storyboard in Resources */,
				A552859E2020B6430038BBE5 /* Assets.xcassets in Resources */,
				A552859C2020B6430038BBE5 /* Main.storyboard in Resources */,
			);
			runOnlyForDeploymentPostprocessing = 0;
		};
/* End PBXResourcesBuildPhase section */

/* Begin PBXSourcesBuildPhase section */
		A552858D2020B6430038BBE5 /* Sources */ = {
			isa = PBXSourcesBuildPhase;
			buildActionMask = 2147483647;
			files = (
				A55285A42020B6430038BBE5 /* main.m in Sources */,
				A55285B82020DB9B0038BBE5 /* AddTaskViewController.m in Sources */,
				A55285AC2020B82A0038BBE5 /* TodoTableViewController.m in Sources */,
				A55285962020B6430038BBE5 /* AppDelegate.m in Sources */,
				A55285AF2020BDA00038BBE5 /* Todo.m in Sources */,
				A55285B22020C3D80038BBE5 /* TodoList.m in Sources */,
			);
			runOnlyForDeploymentPostprocessing = 0;
		};
/* End PBXSourcesBuildPhase section */

/* Begin PBXVariantGroup section */
		A552859A2020B6430038BBE5 /* Main.storyboard */ = {
			isa = PBXVariantGroup;
			children = (
				A552859B2020B6430038BBE5 /* Base */,
			);
			name = Main.storyboard;
			sourceTree = "<group>";
		};
		A552859F2020B6430038BBE5 /* LaunchScreen.storyboard */ = {
			isa = PBXVariantGroup;
			children = (
				A55285A02020B6430038BBE5 /* Base */,
			);
			name = LaunchScreen.storyboard;
			sourceTree = "<group>";
		};
/* End PBXVariantGroup section */

/* Begin XCBuildConfiguration section */
		A55285A52020B6430038BBE5 /* Debug */ = {
			isa = XCBuildConfiguration;
			buildSettings = {
				ALWAYS_SEARCH_USER_PATHS = NO;
				CLANG_ANALYZER_NONNULL = YES;
				CLANG_ANALYZER_NUMBER_OBJECT_CONVERSION = YES_AGGRESSIVE;
				CLANG_CXX_LANGUAGE_STANDARD = "gnu++14";
				CLANG_CXX_LIBRARY = "libc++";
				CLANG_ENABLE_MODULES = YES;
				CLANG_ENABLE_OBJC_ARC = YES;
				CLANG_WARN_BLOCK_CAPTURE_AUTORELEASING = YES;
				CLANG_WARN_BOOL_CONVERSION = YES;
				CLANG_WARN_COMMA = YES;
				CLANG_WARN_CONSTANT_CONVERSION = YES;
				CLANG_WARN_DIRECT_OBJC_ISA_USAGE = YES_ERROR;
				CLANG_WARN_DOCUMENTATION_COMMENTS = YES;
				CLANG_WARN_EMPTY_BODY = YES;
				CLANG_WARN_ENUM_CONVERSION = YES;
				CLANG_WARN_INFINITE_RECURSION = YES;
				CLANG_WARN_INT_CONVERSION = YES;
				CLANG_WARN_NON_LITERAL_NULL_CONVERSION = YES;
				CLANG_WARN_OBJC_LITERAL_CONVERSION = YES;
				CLANG_WARN_OBJC_ROOT_CLASS = YES_ERROR;
				CLANG_WARN_RANGE_LOOP_ANALYSIS = YES;
				CLANG_WARN_STRICT_PROTOTYPES = YES;
				CLANG_WARN_SUSPICIOUS_MOVE = YES;
				CLANG_WARN_UNGUARDED_AVAILABILITY = YES_AGGRESSIVE;
				CLANG_WARN_UNREACHABLE_CODE = YES;
				CLANG_WARN__DUPLICATE_METHOD_MATCH = YES;
				CODE_SIGN_IDENTITY = "iPhone Developer";
				COPY_PHASE_STRIP = NO;
				DEBUG_INFORMATION_FORMAT = dwarf;
				ENABLE_STRICT_OBJC_MSGSEND = YES;
				ENABLE_TESTABILITY = YES;
				GCC_C_LANGUAGE_STANDARD = gnu11;
				GCC_DYNAMIC_NO_PIC = NO;
				GCC_NO_COMMON_BLOCKS = YES;
				GCC_OPTIMIZATION_LEVEL = 0;
				GCC_PREPROCESSOR_DEFINITIONS = (
					"DEBUG=1",
					"$(inherited)",
				);
				GCC_WARN_64_TO_32_BIT_CONVERSION = YES;
				GCC_WARN_ABOUT_RETURN_TYPE = YES_ERROR;
				GCC_WARN_UNDECLARED_SELECTOR = YES;
				GCC_WARN_UNINITIALIZED_AUTOS = YES_AGGRESSIVE;
				GCC_WARN_UNUSED_FUNCTION = YES;
				GCC_WARN_UNUSED_VARIABLE = YES;
				IPHONEOS_DEPLOYMENT_TARGET = 11.2;
				MTL_ENABLE_DEBUG_INFO = YES;
				ONLY_ACTIVE_ARCH = YES;
				SDKROOT = iphoneos;
			};
			name = Debug;
		};
		A55285A62020B6430038BBE5 /* Release */ = {
			isa = XCBuildConfiguration;
			buildSettings = {
				ALWAYS_SEARCH_USER_PATHS = NO;
				CLANG_ANALYZER_NONNULL = YES;
				CLANG_ANALYZER_NUMBER_OBJECT_CONVERSION = YES_AGGRESSIVE;
				CLANG_CXX_LANGUAGE_STANDARD = "gnu++14";
				CLANG_CXX_LIBRARY = "libc++";
				CLANG_ENABLE_MODULES = YES;
				CLANG_ENABLE_OBJC_ARC = YES;
				CLANG_WARN_BLOCK_CAPTURE_AUTORELEASING = YES;
				CLANG_WARN_BOOL_CONVERSION = YES;
				CLANG_WARN_COMMA = YES;
				CLANG_WARN_CONSTANT_CONVERSION = YES;
				CLANG_WARN_DIRECT_OBJC_ISA_USAGE = YES_ERROR;
				CLANG_WARN_DOCUMENTATION_COMMENTS = YES;
				CLANG_WARN_EMPTY_BODY = YES;
				CLANG_WARN_ENUM_CONVERSION = YES;
				CLANG_WARN_INFINITE_RECURSION = YES;
				CLANG_WARN_INT_CONVERSION = YES;
				CLANG_WARN_NON_LITERAL_NULL_CONVERSION = YES;
				CLANG_WARN_OBJC_LITERAL_CONVERSION = YES;
				CLANG_WARN_OBJC_ROOT_CLASS = YES_ERROR;
				CLANG_WARN_RANGE_LOOP_ANALYSIS = YES;
				CLANG_WARN_STRICT_PROTOTYPES = YES;
				CLANG_WARN_SUSPICIOUS_MOVE = YES;
				CLANG_WARN_UNGUARDED_AVAILABILITY = YES_AGGRESSIVE;
				CLANG_WARN_UNREACHABLE_CODE = YES;
				CLANG_WARN__DUPLICATE_METHOD_MATCH = YES;
				CODE_SIGN_IDENTITY = "iPhone Developer";
				COPY_PHASE_STRIP = NO;
				DEBUG_INFORMATION_FORMAT = "dwarf-with-dsym";
				ENABLE_NS_ASSERTIONS = NO;
				ENABLE_STRICT_OBJC_MSGSEND = YES;
				GCC_C_LANGUAGE_STANDARD = gnu11;
				GCC_NO_COMMON_BLOCKS = YES;
				GCC_WARN_64_TO_32_BIT_CONVERSION = YES;
				GCC_WARN_ABOUT_RETURN_TYPE = YES_ERROR;
				GCC_WARN_UNDECLARED_SELECTOR = YES;
				GCC_WARN_UNINITIALIZED_AUTOS = YES_AGGRESSIVE;
				GCC_WARN_UNUSED_FUNCTION = YES;
				GCC_WARN_UNUSED_VARIABLE = YES;
				IPHONEOS_DEPLOYMENT_TARGET = 11.2;
				MTL_ENABLE_DEBUG_INFO = NO;
				SDKROOT = iphoneos;
				VALIDATE_PRODUCT = YES;
			};
			name = Release;
		};
		A55285A82020B6430038BBE5 /* Debug */ = {
			isa = XCBuildConfiguration;
			buildSettings = {
				ASSETCATALOG_COMPILER_APPICON_NAME = AppIcon;
				CODE_SIGN_STYLE = Automatic;
				INFOPLIST_FILE = TodoList/Info.plist;
				LD_RUNPATH_SEARCH_PATHS = "$(inherited) @executable_path/Frameworks";
				PRODUCT_BUNDLE_IDENTIFIER = MV.TodoList;
				PRODUCT_NAME = "$(TARGET_NAME)";
				TARGETED_DEVICE_FAMILY = "1,2";
			};
			name = Debug;
		};
		A55285A92020B6430038BBE5 /* Release */ = {
			isa = XCBuildConfiguration;
			buildSettings = {
				ASSETCATALOG_COMPILER_APPICON_NAME = AppIcon;
				CODE_SIGN_STYLE = Automatic;
				INFOPLIST_FILE = TodoList/Info.plist;
				LD_RUNPATH_SEARCH_PATHS = "$(inherited) @executable_path/Frameworks";
				PRODUCT_BUNDLE_IDENTIFIER = MV.TodoList;
				PRODUCT_NAME = "$(TARGET_NAME)";
				TARGETED_DEVICE_FAMILY = "1,2";
			};
			name = Release;
		};
/* End XCBuildConfiguration section */

/* Begin XCConfigurationList section */
		A552858C2020B6430038BBE5 /* Build configuration list for PBXProject "TodoList" */ = {
			isa = XCConfigurationList;
			buildConfigurations = (
				A55285A52020B6430038BBE5 /* Debug */,
				A55285A62020B6430038BBE5 /* Release */,
			);
			defaultConfigurationIsVisible = 0;
			defaultConfigurationName = Release;
		};
		A55285A72020B6430038BBE5 /* Build configuration list for PBXNativeTarget "TodoList" */ = {
			isa = XCConfigurationList;
			buildConfigurations = (
				A55285A82020B6430038BBE5 /* Debug */,
				A55285A92020B6430038BBE5 /* Release */,
			);
			defaultConfigurationIsVisible = 0;
			defaultConfigurationName = Release;
		};
/* End XCConfigurationList section */
	};
	rootObject = A55285892020B6430038BBE5 /* Project object */;
}
